
Microsoft Visual Studio Solution File, Format Version 12.00
# Visual Studio Version 17
VisualStudioVersion = 17.14.36310.24
MinimumVisualStudioVersion = 10.0.40219.1
Project("{FAE04EC0-301F-11D3-BF4B-00C04F79EFBC}") = "SteadySchedule", "SteadySchedule\SteadySchedule.csproj", "{3A6662EB-A6BC-47D3-8545-A33FDDF0F272}"
EndProject
Global
	GlobalSection(SolutionConfigurationPlatforms) = preSolution
		Debug|Any CPU = Debug|Any CPU
		Release|Any CPU = Release|Any CPU
	EndGlobalSection
	GlobalSection(ProjectConfigurationPlatforms) = postSolution
		{3A6662EB-A6BC-47D3-8545-A33FDDF0F272}.Debug|Any CPU.ActiveCfg = Debug|Any CPU
		{3A6662EB-A6BC-47D3-8545-A33FDDF0F272}.Debug|Any CPU.Build.0 = Debug|Any CPU
		{3A6662EB-A6BC-47D3-8545-A33FDDF0F272}.Release|Any CPU.ActiveCfg = Release|Any CPU
		{3A6662EB-A6BC-47D3-8545-A33FDDF0F272}.Release|Any CPU.Build.0 = Release|Any CPU
	EndGlobalSection
	GlobalSection(SolutionProperties) = preSolution
		HideSolutionNode = FALSE
	EndGlobalSection
	GlobalSection(ExtensibilityGlobals) = postSolution
		SolutionGuid = {F6984258-8BCB-40AE-97A5-36D79EFF538A}
	EndGlobalSection
EndGlobal
